// !$*UTF8*$!
{
	archiveVersion = 1;
	classes = {
	};
	objectVersion = 46;
	objects = {

/* Begin PBXBuildFile section */
		961C6F3D1CE3405700281CF2 /* main.m in Sources */ = {isa = PBXBuildFile; fileRef = 961C6F3C1CE3405700281CF2 /* main.m */; };
		961C6F401CE3405700281CF2 /* AppDelegate.m in Sources */ = {isa = PBXBuildFile; fileRef = 961C6F3F1CE3405700281CF2 /* AppDelegate.m */; };
		961C6F431CE3405700281CF2 /* ViewController.m in Sources */ = {isa = PBXBuildFile; fileRef = 961C6F421CE3405700281CF2 /* ViewController.m */; };
		961C6F461CE3405700281CF2 /* Main.storyboard in Resources */ = {isa = PBXBuildFile; fileRef = 961C6F441CE3405700281CF2 /* Main.storyboard */; };
		961C6F481CE3405700281CF2 /* Assets.xcassets in Resources */ = {isa = PBXBuildFile; fileRef = 961C6F471CE3405700281CF2 /* Assets.xcassets */; };
		961C6F4B1CE3405700281CF2 /* LaunchScreen.storyboard in Resources */ = {isa = PBXBuildFile; fileRef = 961C6F491CE3405700281CF2 /* LaunchScreen.storyboard */; };
		96697EE71CE5DC0400C6A21C /* CameraSlider.m in Sources */ = {isa = PBXBuildFile; fileRef = 96697EE61CE5DC0400C6A21C /* CameraSlider.m */; };
/* End PBXBuildFile section */

/* Begin PBXFileReference section */
		961C6F381CE3405700281CF2 /* cameraTest.app */ = {isa = PBXFileReference; explicitFileType = wrapper.application; includeInIndex = 0; path = cameraTest.app; sourceTree = BUILT_PRODUCTS_DIR; };
		961C6F3C1CE3405700281CF2 /* main.m */ = {isa = PBXFileReference; lastKnownFileType = sourcecode.c.objc; path = main.m; sourceTree = "<group>"; };
		961C6F3E1CE3405700281CF2 /* AppDelegate.h */ = {isa = PBXFileReference; lastKnownFileType = sourcecode.c.h; path = AppDelegate.h; sourceTree = "<group>"; };
		961C6F3F1CE3405700281CF2 /* AppDelegate.m */ = {isa = PBXFileReference; lastKnownFileType = sourcecode.c.objc; path = AppDelegate.m; sourceTree = "<group>"; };
		961C6F411CE3405700281CF2 /* ViewController.h */ = {isa = PBXFileReference; lastKnownFileType = sourcecode.c.h; path = ViewController.h; sourceTree = "<group>"; };
		961C6F421CE3405700281CF2 /* ViewController.m */ = {isa = PBXFileReference; lastKnownFileType = sourcecode.c.objc; path = ViewController.m; sourceTree = "<group>"; wrapsLines = 1; };
		961C6F451CE3405700281CF2 /* Base */ = {isa = PBXFileReference; lastKnownFileType = file.storyboard; name = Base; path = Base.lproj/Main.storyboard; sourceTree = "<group>"; };
		961C6F471CE3405700281CF2 /* Assets.xcassets */ = {isa = PBXFileReference; lastKnownFileType = folder.assetcatalog; path = Assets.xcassets; sourceTree = "<group>"; };
		961C6F4A1CE3405700281CF2 /* Base */ = {isa = PBXFileReference; lastKnownFileType = file.storyboard; name = Base; path = Base.lproj/LaunchScreen.storyboard; sourceTree = "<group>"; };
		961C6F4C1CE3405700281CF2 /* Info.plist */ = {isa = PBXFileReference; lastKnownFileType = text.plist.xml; path = Info.plist; sourceTree = "<group>"; };
		96697EE51CE5DC0400C6A21C /* CameraSlider.h */ = {isa = PBXFileReference; fileEncoding = 4; lastKnownFileType = sourcecode.c.h; path = CameraSlider.h; sourceTree = "<group>"; };
		96697EE61CE5DC0400C6A21C /* CameraSlider.m */ = {isa = PBXFileReference; fileEncoding = 4; lastKnownFileType = sourcecode.c.objc; path = CameraSlider.m; sourceTree = "<group>"; };
/* End PBXFileReference section */

/* Begin PBXFrameworksBuildPhase section */
		961C6F351CE3405700281CF2 /* Frameworks */ = {
			isa = PBXFrameworksBuildPhase;
			buildActionMask = 2147483647;
			files = (
			);
			runOnlyForDeploymentPostprocessing = 0;
		};
/* End PBXFrameworksBuildPhase section */

/* Begin PBXGroup section */
		961C6F2F1CE3405700281CF2 = {
			isa = PBXGroup;
			children = (
				961C6F3A1CE3405700281CF2 /* cameraTest */,
				961C6F391CE3405700281CF2 /* Products */,
			);
			sourceTree = "<group>";
		};
		961C6F391CE3405700281CF2 /* Products */ = {
			isa = PBXGroup;
			children = (
				961C6F381CE3405700281CF2 /* cameraTest.app */,
			);
			name = Products;
			sourceTree = "<group>";
		};
		961C6F3A1CE3405700281CF2 /* cameraTest */ = {
			isa = PBXGroup;
			children = (
				961C6F3E1CE3405700281CF2 /* AppDelegate.h */,
				961C6F3F1CE3405700281CF2 /* AppDelegate.m */,
				961C6F411CE3405700281CF2 /* ViewController.h */,
				961C6F421CE3405700281CF2 /* ViewController.m */,
				961C6F441CE3405700281CF2 /* Main.storyboard */,
				961C6F471CE3405700281CF2 /* Assets.xcassets */,
				961C6F491CE3405700281CF2 /* LaunchScreen.storyboard */,
				961C6F4C1CE3405700281CF2 /* Info.plist */,
				961C6F3B1CE3405700281CF2 /* Supporting Files */,
				96697EE51CE5DC0400C6A21C /* CameraSlider.h */,
				96697EE61CE5DC0400C6A21C /* CameraSlider.m */,
			);
			path = cameraTest;
			sourceTree = "<group>";
		};
		961C6F3B1CE3405700281CF2 /* Supporting Files */ = {
			isa = PBXGroup;
			children = (
				961C6F3C1CE3405700281CF2 /* main.m */,
			);
			name = "Supporting Files";
			sourceTree = "<group>";
		};
/* End PBXGroup section */

/* Begin PBXNativeTarget section */
		961C6F371CE3405700281CF2 /* cameraTest */ = {
			isa = PBXNativeTarget;
			buildConfigurationList = 961C6F4F1CE3405700281CF2 /* Build configuration list for PBXNativeTarget "cameraTest" */;
			buildPhases = (
				961C6F341CE3405700281CF2 /* Sources */,
				961C6F351CE3405700281CF2 /* Frameworks */,
				961C6F361CE3405700281CF2 /* Resources */,
			);
			buildRules = (
			);
			dependencies = (
			);
			name = cameraTest;
			productName = cameraTest;
			productReference = 961C6F381CE3405700281CF2 /* cameraTest.app */;
			productType = "com.apple.product-type.application";
		};
/* End PBXNativeTarget section */

/* Begin PBXProject section */
		961C6F301CE3405700281CF2 /* Project object */ = {
			isa = PBXProject;
			attributes = {
				LastUpgradeCheck = 0730;
				ORGANIZATIONNAME = XIDEE;
				TargetAttributes = {
					961C6F371CE3405700281CF2 = {
						CreatedOnToolsVersion = 7.3;
					};
				};
			};
			buildConfigurationList = 961C6F331CE3405700281CF2 /* Build configuration list for PBXProject "cameraTest" */;
			compatibilityVersion = "Xcode 3.2";
			developmentRegion = English;
			hasScannedForEncodings = 0;
			knownRegions = (
				en,
				Base,
			);
			mainGroup = 961C6F2F1CE3405700281CF2;
			productRefGroup = 961C6F391CE3405700281CF2 /* Products */;
			projectDirPath = "";
			projectRoot = "";
			targets = (
				961C6F371CE3405700281CF2 /* cameraTest */,
			);
		};
/* End PBXProject section */

/* Begin PBXResourcesBuildPhase section */
		961C6F361CE3405700281CF2 /* Resources */ = {
			isa = PBXResourcesBuildPhase;
			buildActionMask = 2147483647;
			files = (
				961C6F4B1CE3405700281CF2 /* LaunchScreen.storyboard in Resources */,
				961C6F481CE3405700281CF2 /* Assets.xcassets in Resources */,
				961C6F461CE3405700281CF2 /* Main.storyboard in Resources */,
			);
			runOnlyForDeploymentPostprocessing = 0;
		};
/* End PBXResourcesBuildPhase section */

/* Begin PBXSourcesBuildPhase section */
		961C6F341CE3405700281CF2 /* Sources */ = {
			isa = PBXSourcesBuildPhase;
			buildActionMask = 2147483647;
			files = (
				961C6F431CE3405700281CF2 /* ViewController.m in Sources */,
				96697EE71CE5DC0400C6A21C /* CameraSlider.m in Sources */,
				961C6F401CE3405700281CF2 /* AppDelegate.m in Sources */,
				961C6F3D1CE3405700281CF2 /* main.m in Sources */,
			);
			runOnlyForDeploymentPostprocessing = 0;
		};
/* End PBXSourcesBuildPhase section */

/* Begin PBXVariantGroup section */
		961C6F441CE3405700281CF2 /* Main.storyboard */ = {
			isa = PBXVariantGroup;
			children = (
				961C6F451CE3405700281CF2 /* Base */,
			);
			name = Main.storyboard;
			sourceTree = "<group>";
		};
		961C6F491CE3405700281CF2 /* LaunchScreen.storyboard */ = {
			isa = PBXVariantGroup;
			children = (
				961C6F4A1CE3405700281CF2 /* Base */,
			);
			name = LaunchScreen.storyboard;
			sourceTree = "<group>";
		};
/* End PBXVariantGroup section */

/* Begin XCBuildConfiguration section */
		961C6F4D1CE3405700281CF2 /* Debug */ = {
			isa = XCBuildConfiguration;
			buildSettings = {
				ALWAYS_SEARCH_USER_PATHS = NO;
				CLANG_ANALYZER_NONNULL = YES;
				CLANG_CXX_LANGUAGE_STANDARD = "gnu++0x";
				CLANG_CXX_LIBRARY = "libc++";
				CLANG_ENABLE_MODULES = YES;
				CLANG_ENABLE_OBJC_ARC = YES;
				CLANG_WARN_BOOL_CONVERSION = YES;
				CLANG_WARN_CONSTANT_CONVERSION = YES;
				CLANG_WARN_DIRECT_OBJC_ISA_USAGE = YES_ERROR;
				CLANG_WARN_EMPTY_BODY = YES;
				CLANG_WARN_ENUM_CONVERSION = YES;
				CLANG_WARN_INT_CONVERSION = YES;
				CLANG_WARN_OBJC_ROOT_CLASS = YES_ERROR;
				CLANG_WARN_UNREACHABLE_CODE = YES;
				CLANG_WARN__DUPLICATE_METHOD_MATCH = YES;
				"CODE_SIGN_IDENTITY[sdk=iphoneos*]" = "iPhone Developer";
				COPY_PHASE_STRIP = NO;
				DEBUG_INFORMATION_FORMAT = dwarf;
				ENABLE_STRICT_OBJC_MSGSEND = YES;
				ENABLE_TESTABILITY = YES;
				GCC_C_LANGUAGE_STANDARD = gnu99;
				GCC_DYNAMIC_NO_PIC = NO;
				GCC_NO_COMMON_BLOCKS = YES;
				GCC_OPTIMIZATION_LEVEL = 0;
				GCC_PREPROCESSOR_DEFINITIONS = (
					"DEBUG=1",
					"$(inherited)",
				);
				GCC_WARN_64_TO_32_BIT_CONVERSION = YES;
				GCC_WARN_ABOUT_RETURN_TYPE = YES_ERROR;
				GCC_WARN_UNDECLARED_SELECTOR = YES;
				GCC_WARN_UNINITIALIZED_AUTOS = YES_AGGRESSIVE;
				GCC_WARN_UNUSED_FUNCTION = YES;
				GCC_WARN_UNUSED_VARIABLE = YES;
				IPHONEOS_DEPLOYMENT_TARGET = 9.3;
				MTL_ENABLE_DEBUG_INFO = YES;
				ONLY_ACTIVE_ARCH = YES;
				SDKROOT = iphoneos;
			};
			name = Debug;
		};
		961C6F4E1CE3405700281CF2 /* Release */ = {
			isa = XCBuildConfiguration;
			buildSettings = {
				ALWAYS_SEARCH_USER_PATHS = NO;
				CLANG_ANALYZER_NONNULL = YES;
				CLANG_CXX_LANGUAGE_STANDARD = "gnu++0x";
				CLANG_CXX_LIBRARY = "libc++";
				CLANG_ENABLE_MODULES = YES;
				CLANG_ENABLE_OBJC_ARC = YES;
				CLANG_WARN_BOOL_CONVERSION = YES;
				CLANG_WARN_CONSTANT_CONVERSION = YES;
				CLANG_WARN_DIRECT_OBJC_ISA_USAGE = YES_ERROR;
				CLANG_WARN_EMPTY_BODY = YES;
				CLANG_WARN_ENUM_CONVERSION = YES;
				CLANG_WARN_INT_CONVERSION = YES;
				CLANG_WARN_OBJC_ROOT_CLASS = YES_ERROR;
				CLANG_WARN_UNREACHABLE_CODE = YES;
				CLANG_WARN__DUPLICATE_METHOD_MATCH = YES;
				"CODE_SIGN_IDENTITY[sdk=iphoneos*]" = "iPhone Developer";
				COPY_PHASE_STRIP = NO;
				DEBUG_INFORMATION_FORMAT = "dwarf-with-dsym";
				ENABLE_NS_ASSERTIONS = NO;
				ENABLE_STRICT_OBJC_MSGSEND = YES;
				GCC_C_LANGUAGE_STANDARD = gnu99;
				GCC_NO_COMMON_BLOCKS = YES;
				GCC_WARN_64_TO_32_BIT_CONVERSION = YES;
				GCC_WARN_ABOUT_RETURN_TYPE = YES_ERROR;
				GCC_WARN_UNDECLARED_SELECTOR = YES;
				GCC_WARN_UNINITIALIZED_AUTOS = YES_AGGRESSIVE;
				GCC_WARN_UNUSED_FUNCTION = YES;
				GCC_WARN_UNUSED_VARIABLE = YES;
				IPHONEOS_DEPLOYMENT_TARGET = 9.3;
				MTL_ENABLE_DEBUG_INFO = NO;
				SDKROOT = iphoneos;
				VALIDATE_PRODUCT = YES;
			};
			name = Release;
		};
		961C6F501CE3405700281CF2 /* Debug */ = {
			isa = XCBuildConfiguration;
			buildSettings = {
				ASSETCATALOG_COMPILER_APPICON_NAME = AppIcon;
				INFOPLIST_FILE = cameraTest/Info.plist;
				IPHONEOS_DEPLOYMENT_TARGET = 8.0;
				LD_RUNPATH_SEARCH_PATHS = "$(inherited) @executable_path/Frameworks";
				PRODUCT_BUNDLE_IDENTIFIER = com.yintai.cameraTest;
				PRODUCT_NAME = "$(TARGET_NAME)";
			};
			name = Debug;
		};
		961C6F511CE3405700281CF2 /* Release */ = {
			isa = XCBuildConfiguration;
			buildSettings = {
				ASSETCATALOG_COMPILER_APPICON_NAME = AppIcon;
				INFOPLIST_FILE = cameraTest/Info.plist;
				IPHONEOS_DEPLOYMENT_TARGET = 8.0;
				LD_RUNPATH_SEARCH_PATHS = "$(inherited) @executable_path/Frameworks";
				PRODUCT_BUNDLE_IDENTIFIER = com.yintai.cameraTest;
				PRODUCT_NAME = "$(TARGET_NAME)";
			};
			name = Release;
		};
/* End XCBuildConfiguration section */

/* Begin XCConfigurationList section */
		961C6F331CE3405700281CF2 /* Build configuration list for PBXProject "cameraTest" */ = {
			isa = XCConfigurationList;
			buildConfigurations = (
				961C6F4D1CE3405700281CF2 /* Debug */,
				961C6F4E1CE3405700281CF2 /* Release */,
			);
			defaultConfigurationIsVisible = 0;
			defaultConfigurationName = Release;
		};
		961C6F4F1CE3405700281CF2 /* Build configuration list for PBXNativeTarget "cameraTest" */ = {
			isa = XCConfigurationList;
			buildConfigurations = (
				961C6F501CE3405700281CF2 /* Debug */,
				961C6F511CE3405700281CF2 /* Release */,
			);
			defaultConfigurationIsVisible = 0;
			defaultConfigurationName = Release;
		};
/* End XCConfigurationList section */
	};
	rootObject = 961C6F301CE3405700281CF2 /* Project object */;
}
